// !$*UTF8*$!
{
	archiveVersion = 1;
	classes = {
	};
	objectVersion = 56;
	objects = {

/* Begin PBXBuildFile section */
		A1B2C3D400000001 /* HealthAppApp.swift in Sources */ = {isa = PBXBuildFile; fileRef = A1B2C3D400000002 /* HealthAppApp.swift */; };
		B1F5A00100000000000011 /* StepEntry.swift in Sources */ = {isa = PBXBuildFile; fileRef = B1F5A00100000000000001 /* StepEntry.swift */; };
		B1F5A00100000000000012 /* KeychainService.swift in Sources */ = {isa = PBXBuildFile; fileRef = B1F5A00100000000000002 /* KeychainService.swift */; };
		B1F5A00100000000000013 /* APIClient.swift in Sources */ = {isa = PBXBuildFile; fileRef = B1F5A00100000000000003 /* APIClient.swift */; };
		B1F5A00100000000000014 /* HealthKitService.swift in Sources */ = {isa = PBXBuildFile; fileRef = B1F5A00100000000000004 /* HealthKitService.swift */; };
		B1F5A00100000000000015 /* StepSyncViewModel.swift in Sources */ = {isa = PBXBuildFile; fileRef = B1F5A00100000000000005 /* StepSyncViewModel.swift */; };
		B1F5A00100000000000016 /* StepSyncView.swift in Sources */ = {isa = PBXBuildFile; fileRef = B1F5A00100000000000006 /* StepSyncView.swift */; };
		D1E2F3A400000011 /* FakeHealthKitService.swift in Sources */ = {isa = PBXBuildFile; fileRef = D1E2F3A400000001 /* FakeHealthKitService.swift */; };
		D1E2F3A400000012 /* FakeAPIClient.swift in Sources */ = {isa = PBXBuildFile; fileRef = D1E2F3A400000002 /* FakeAPIClient.swift */; };
		D1E2F3A400000013 /* StepSyncViewModelTests.swift in Sources */ = {isa = PBXBuildFile; fileRef = D1E2F3A400000003 /* StepSyncViewModelTests.swift */; };
/* End PBXBuildFile section */

/* Begin PBXContainerItemProxy section */
		D1E2F3A400000052 /* PBXContainerItemProxy */ = {
			isa = PBXContainerItemProxy;
			containerPortal = A1B2C3D40000000D /* Project object */;
			proxyType = 1;
			remoteGlobalIDString = A1B2C3D40000000A;
			remoteInfo = HealthApp;
		};
/* End PBXContainerItemProxy section */

/* Begin PBXFileReference section */
		A1B2C3D400000002 /* HealthAppApp.swift */ = {isa = PBXFileReference; lastKnownFileType = sourcecode.swift; path = HealthAppApp.swift; sourceTree = "<group>"; };
		A1B2C3D400000005 /* HealthApp.app */ = {isa = PBXFileReference; explicitFileType = wrapper.application; includeInIndex = 0; path = HealthApp.app; sourceTree = BUILT_PRODUCTS_DIR; };
		A254C0112F535D090006AA22 /* HealthApp.entitlements */ = {isa = PBXFileReference; lastKnownFileType = text.plist.entitlements; path = HealthApp.entitlements; sourceTree = "<group>"; };
		B1F5A00100000000000001 /* StepEntry.swift */ = {isa = PBXFileReference; lastKnownFileType = sourcecode.swift; path = StepEntry.swift; sourceTree = "<group>"; };
		B1F5A00100000000000002 /* KeychainService.swift */ = {isa = PBXFileReference; lastKnownFileType = sourcecode.swift; path = KeychainService.swift; sourceTree = "<group>"; };
		B1F5A00100000000000003 /* APIClient.swift */ = {isa = PBXFileReference; lastKnownFileType = sourcecode.swift; path = APIClient.swift; sourceTree = "<group>"; };
		B1F5A00100000000000004 /* HealthKitService.swift */ = {isa = PBXFileReference; lastKnownFileType = sourcecode.swift; path = HealthKitService.swift; sourceTree = "<group>"; };
		B1F5A00100000000000005 /* StepSyncViewModel.swift */ = {isa = PBXFileReference; lastKnownFileType = sourcecode.swift; path = StepSyncViewModel.swift; sourceTree = "<group>"; };
		B1F5A00100000000000006 /* StepSyncView.swift */ = {isa = PBXFileReference; lastKnownFileType = sourcecode.swift; path = StepSyncView.swift; sourceTree = "<group>"; };
		C1A2B3D400000001 /* Secrets.xcconfig */ = {isa = PBXFileReference; lastKnownFileType = text.xcconfig; path = Secrets.xcconfig; sourceTree = "<group>"; };
		D1E2F3A400000001 /* FakeHealthKitService.swift */ = {isa = PBXFileReference; lastKnownFileType = sourcecode.swift; path = FakeHealthKitService.swift; sourceTree = "<group>"; };
		D1E2F3A400000002 /* FakeAPIClient.swift */ = {isa = PBXFileReference; lastKnownFileType = sourcecode.swift; path = FakeAPIClient.swift; sourceTree = "<group>"; };
		D1E2F3A400000003 /* StepSyncViewModelTests.swift */ = {isa = PBXFileReference; lastKnownFileType = sourcecode.swift; path = StepSyncViewModelTests.swift; sourceTree = "<group>"; };
		D1E2F3A400000004 /* HealthAppTests.xctest */ = {isa = PBXFileReference; explicitFileType = wrapper.cfbundle; includeInIndex = 0; path = HealthAppTests.xctest; sourceTree = BUILT_PRODUCTS_DIR; };
/* End PBXFileReference section */

/* Begin PBXFrameworksBuildPhase section */
		A1B2C3D400000006 /* Frameworks */ = {
			isa = PBXFrameworksBuildPhase;
			buildActionMask = 2147483647;
			files = (
			);
			runOnlyForDeploymentPostprocessing = 0;
		};
		D1E2F3A400000032 /* Frameworks */ = {
			isa = PBXFrameworksBuildPhase;
			buildActionMask = 2147483647;
			files = (
			);
			runOnlyForDeploymentPostprocessing = 0;
		};
/* End PBXFrameworksBuildPhase section */

/* Begin PBXGroup section */
		A1B2C3D400000007 = {
			isa = PBXGroup;
			children = (
				C1A2B3D400000001 /* Secrets.xcconfig */,
				A1B2C3D400000008 /* HealthApp */,
				D1E2F3A400000021 /* HealthAppTests */,
				A1B2C3D400000009 /* Products */,
			);
			sourceTree = "<group>";
		};
		A1B2C3D400000008 /* HealthApp */ = {
			isa = PBXGroup;
			children = (
				A254C0112F535D090006AA22 /* HealthApp.entitlements */,
				B1F5A00100000000000021 /* App */,
				B1F5A00100000000000022 /* Models */,
				B1F5A00100000000000023 /* Services */,
				B1F5A00100000000000024 /* ViewModels */,
				B1F5A00100000000000025 /* Views */,
			);
			path = HealthApp;
			sourceTree = "<group>";
		};
		A1B2C3D400000009 /* Products */ = {
			isa = PBXGroup;
			children = (
				A1B2C3D400000005 /* HealthApp.app */,
				D1E2F3A400000004 /* HealthAppTests.xctest */,
			);
			name = Products;
			sourceTree = "<group>";
		};
		B1F5A00100000000000021 /* App */ = {
			isa = PBXGroup;
			children = (
				A1B2C3D400000002 /* HealthAppApp.swift */,
			);
			path = App;
			sourceTree = "<group>";
		};
		B1F5A00100000000000022 /* Models */ = {
			isa = PBXGroup;
			children = (
				B1F5A00100000000000001 /* StepEntry.swift */,
			);
			path = Models;
			sourceTree = "<group>";
		};
		B1F5A00100000000000023 /* Services */ = {
			isa = PBXGroup;
			children = (
				B1F5A00100000000000003 /* APIClient.swift */,
				B1F5A00100000000000004 /* HealthKitService.swift */,
				B1F5A00100000000000002 /* KeychainService.swift */,
			);
			path = Services;
			sourceTree = "<group>";
		};
		B1F5A00100000000000024 /* ViewModels */ = {
			isa = PBXGroup;
			children = (
				B1F5A00100000000000005 /* StepSyncViewModel.swift */,
			);
			path = ViewModels;
			sourceTree = "<group>";
		};
		B1F5A00100000000000025 /* Views */ = {
			isa = PBXGroup;
			children = (
				B1F5A00100000000000006 /* StepSyncView.swift */,
			);
			path = Views;
			sourceTree = "<group>";
		};
		D1E2F3A400000021 /* HealthAppTests */ = {
			isa = PBXGroup;
			children = (
				D1E2F3A400000022 /* Fakes */,
				D1E2F3A400000003 /* StepSyncViewModelTests.swift */,
			);
			path = HealthAppTests;
			sourceTree = "<group>";
		};
		D1E2F3A400000022 /* Fakes */ = {
			isa = PBXGroup;
			children = (
				D1E2F3A400000002 /* FakeAPIClient.swift */,
				D1E2F3A400000001 /* FakeHealthKitService.swift */,
			);
			path = Fakes;
			sourceTree = "<group>";
		};
/* End PBXGroup section */

/* Begin PBXNativeTarget section */
		A1B2C3D40000000A /* HealthApp */ = {
			isa = PBXNativeTarget;
			buildConfigurationList = A1B2C3D40000000B /* Build configuration list for PBXNativeTarget "HealthApp" */;
			buildPhases = (
				A1B2C3D40000000C /* Sources */,
				A1B2C3D400000006 /* Frameworks */,
			);
			buildRules = (
			);
			dependencies = (
			);
			name = HealthApp;
			productName = HealthApp;
			productReference = A1B2C3D400000005 /* HealthApp.app */;
			productType = "com.apple.product-type.application";
		};
		D1E2F3A400000041 /* HealthAppTests */ = {
			isa = PBXNativeTarget;
			buildConfigurationList = D1E2F3A400000071 /* Build configuration list for PBXNativeTarget "HealthAppTests" */;
			buildPhases = (
				D1E2F3A400000031 /* Sources */,
				D1E2F3A400000032 /* Frameworks */,
				D1E2F3A400000033 /* Resources */,
			);
			buildRules = (
			);
			dependencies = (
				D1E2F3A400000051 /* PBXTargetDependency */,
			);
			name = HealthAppTests;
			productName = HealthAppTests;
			productReference = D1E2F3A400000004 /* HealthAppTests.xctest */;
			productType = "com.apple.product-type.bundle.unit-test";
		};
/* End PBXNativeTarget section */

/* Begin PBXProject section */
		A1B2C3D40000000D /* Project object */ = {
			isa = PBXProject;
			attributes = {
				BuildIndependentTargetsInParallel = 1;
				LastSwiftUpdateCheck = 1500;
				LastUpgradeCheck = 1500;
				TargetAttributes = {
					A1B2C3D40000000A = {
						CreatedOnToolsVersion = 15.0;
					};
					D1E2F3A400000041 = {
						CreatedOnToolsVersion = 15.0;
						TestTargetID = A1B2C3D40000000A;
					};
				};
			};
			buildConfigurationList = A1B2C3D40000000E /* Build configuration list for PBXProject "HealthApp" */;
			compatibilityVersion = "Xcode 14.0";
			developmentRegion = en;
			hasScannedForEncodings = 0;
			knownRegions = (
				en,
				Base,
			);
			mainGroup = A1B2C3D400000007;
			productRefGroup = A1B2C3D400000009 /* Products */;
			projectDirPath = "";
			projectRoot = "";
			targets = (
				A1B2C3D40000000A /* HealthApp */,
				D1E2F3A400000041 /* HealthAppTests */,
			);
		};
/* End PBXProject section */

/* Begin PBXResourcesBuildPhase section */
		D1E2F3A400000033 /* Resources */ = {
			isa = PBXResourcesBuildPhase;
			buildActionMask = 2147483647;
			files = (
			);
			runOnlyForDeploymentPostprocessing = 0;
		};
/* End PBXResourcesBuildPhase section */

/* Begin PBXSourcesBuildPhase section */
		A1B2C3D40000000C /* Sources */ = {
			isa = PBXSourcesBuildPhase;
			buildActionMask = 2147483647;
			files = (
				A1B2C3D400000001 /* HealthAppApp.swift in Sources */,
				B1F5A00100000000000011 /* StepEntry.swift in Sources */,
				B1F5A00100000000000012 /* KeychainService.swift in Sources */,
				B1F5A00100000000000013 /* APIClient.swift in Sources */,
				B1F5A00100000000000014 /* HealthKitService.swift in Sources */,
				B1F5A00100000000000015 /* StepSyncViewModel.swift in Sources */,
				B1F5A00100000000000016 /* StepSyncView.swift in Sources */,
			);
			runOnlyForDeploymentPostprocessing = 0;
		};
		D1E2F3A400000031 /* Sources */ = {
			isa = PBXSourcesBuildPhase;
			buildActionMask = 2147483647;
			files = (
				D1E2F3A400000011 /* FakeHealthKitService.swift in Sources */,
				D1E2F3A400000012 /* FakeAPIClient.swift in Sources */,
				D1E2F3A400000013 /* StepSyncViewModelTests.swift in Sources */,
			);
			runOnlyForDeploymentPostprocessing = 0;
		};
/* End PBXSourcesBuildPhase section */

/* Begin PBXTargetDependency section */
		D1E2F3A400000051 /* PBXTargetDependency */ = {
			isa = PBXTargetDependency;
			target = A1B2C3D40000000A /* HealthApp */;
			targetProxy = D1E2F3A400000052 /* PBXContainerItemProxy */;
		};
/* End PBXTargetDependency section */

/* Begin XCBuildConfiguration section */
		A1B2C3D40000000F /* Debug */ = {
			isa = XCBuildConfiguration;
			buildSettings = {
				ALWAYS_SEARCH_USER_PATHS = NO;
				ASSETCATALOG_COMPILER_GENERATE_SWIFT_ASSET_SYMBOL_EXTENSIONS = YES;
				CLANG_ANALYZER_NONNULL = YES;
				CLANG_CXX_LANGUAGE_STANDARD = "gnu++20";
				CLANG_ENABLE_MODULES = YES;
				CLANG_ENABLE_OBJC_ARC = YES;
				COPY_PHASE_STRIP = NO;
				DEBUG_INFORMATION_FORMAT = dwarf;
				ENABLE_STRICT_OBJC_MSGSEND = YES;
				ENABLE_TESTABILITY = YES;
				GCC_DYNAMIC_NO_PIC = NO;
				GCC_OPTIMIZATION_LEVEL = 0;
				GCC_PREPROCESSOR_DEFINITIONS = (
					"DEBUG=1",
					"$(inherited)",
				);
				GCC_WARN_ABOUT_RETURN_TYPE = YES_ERROR;
				GCC_WARN_UNINITIALIZED_AUTOS = YES_AGGRESSIVE;
				IPHONEOS_DEPLOYMENT_TARGET = 17.0;
				MTL_ENABLE_DEBUG_INFO = INCLUDE_SOURCE;
				ONLY_ACTIVE_ARCH = YES;
				SDKROOT = iphoneos;
				SWIFT_ACTIVE_COMPILATION_CONDITIONS = "DEBUG $(inherited)";
				SWIFT_OPTIMIZATION_LEVEL = "-Onone";
			};
			name = Debug;
		};
		A1B2C3D400000010 /* Release */ = {
			isa = XCBuildConfiguration;
			buildSettings = {
				ALWAYS_SEARCH_USER_PATHS = NO;
				ASSETCATALOG_COMPILER_GENERATE_SWIFT_ASSET_SYMBOL_EXTENSIONS = YES;
				CLANG_ANALYZER_NONNULL = YES;
				CLANG_CXX_LANGUAGE_STANDARD = "gnu++20";
				CLANG_ENABLE_MODULES = YES;
				CLANG_ENABLE_OBJC_ARC = YES;
				COPY_PHASE_STRIP = NO;
				DEBUG_INFORMATION_FORMAT = "dwarf-with-dsym";
				ENABLE_NS_ASSERTIONS = NO;
				ENABLE_STRICT_OBJC_MSGSEND = YES;
				GCC_WARN_ABOUT_RETURN_TYPE = YES_ERROR;
				GCC_WARN_UNINITIALIZED_AUTOS = YES_AGGRESSIVE;
				IPHONEOS_DEPLOYMENT_TARGET = 17.0;
				MTL_ENABLE_DEBUG_INFO = NO;
				SDKROOT = iphoneos;
				SWIFT_COMPILATION_MODE = wholemodule;
				VALIDATE_PRODUCT = YES;
			};
			name = Release;
		};
		A1B2C3D400000011 /* Debug */ = {
			isa = XCBuildConfiguration;
			baseConfigurationReference = C1A2B3D400000001 /* Secrets.xcconfig */;
			buildSettings = {
				ASSETCATALOG_COMPILER_APPICON_NAME = AppIcon;
				CODE_SIGN_ENTITLEMENTS = HealthApp/HealthApp.entitlements;
				CODE_SIGN_STYLE = Automatic;
				CURRENT_PROJECT_VERSION = 1;
				DEVELOPMENT_TEAM = 7TJ7N4G8XC;
				ENABLE_PREVIEWS = YES;
				GENERATE_INFOPLIST_FILE = YES;
				INFOPLIST_KEY_APISecretKey = "$(API_SECRET_KEY)";
				INFOPLIST_KEY_NSHealthShareUsageDescription = "Health App reads your step count to sync with your training dashboard.";
				INFOPLIST_KEY_UIApplicationSceneManifest_Generation = YES;
				INFOPLIST_KEY_UIApplicationSupportsIndirectInputEvents = YES;
				INFOPLIST_KEY_UILaunchScreen_Generation = YES;
				INFOPLIST_KEY_UISupportedInterfaceOrientations_iPad = "UIInterfaceOrientationPortrait UIInterfaceOrientationPortraitUpsideDown UIInterfaceOrientationLandscapeLeft UIInterfaceOrientationLandscapeRight";
				INFOPLIST_KEY_UISupportedInterfaceOrientations_iPhone = "UIInterfaceOrientationPortrait UIInterfaceOrientationLandscapeLeft UIInterfaceOrientationLandscapeRight";
				MARKETING_VERSION = 1.0;
				PRODUCT_BUNDLE_IDENTIFIER = com.tguegan.HealthApp;
				PRODUCT_NAME = "$(TARGET_NAME)";
				SWIFT_EMIT_LOC_STRINGS = YES;
				SWIFT_VERSION = 5.0;
				TARGETED_DEVICE_FAMILY = "1,2";
			};
			name = Debug;
		};
		A1B2C3D400000012 /* Release */ = {
			isa = XCBuildConfiguration;
			baseConfigurationReference = C1A2B3D400000001 /* Secrets.xcconfig */;
			buildSettings = {
				ASSETCATALOG_COMPILER_APPICON_NAME = AppIcon;
				CODE_SIGN_ENTITLEMENTS = HealthApp/HealthApp.entitlements;
				CODE_SIGN_STYLE = Automatic;
				CURRENT_PROJECT_VERSION = 1;
				DEVELOPMENT_TEAM = 7TJ7N4G8XC;
				ENABLE_PREVIEWS = YES;
				GENERATE_INFOPLIST_FILE = YES;
				INFOPLIST_KEY_APISecretKey = "$(API_SECRET_KEY)";
				INFOPLIST_KEY_NSHealthShareUsageDescription = "Health App reads your step count to sync with your training dashboard.";
				INFOPLIST_KEY_UIApplicationSceneManifest_Generation = YES;
				INFOPLIST_KEY_UIApplicationSupportsIndirectInputEvents = YES;
				INFOPLIST_KEY_UILaunchScreen_Generation = YES;
				INFOPLIST_KEY_UISupportedInterfaceOrientations_iPad = "UIInterfaceOrientationPortrait UIInterfaceOrientationPortraitUpsideDown UIInterfaceOrientationLandscapeLeft UIInterfaceOrientationLandscapeRight";
				INFOPLIST_KEY_UISupportedInterfaceOrientations_iPhone = "UIInterfaceOrientationPortrait UIInterfaceOrientationLandscapeLeft UIInterfaceOrientationLandscapeRight";
				MARKETING_VERSION = 1.0;
				PRODUCT_BUNDLE_IDENTIFIER = com.tguegan.HealthApp;
				PRODUCT_NAME = "$(TARGET_NAME)";
				SWIFT_EMIT_LOC_STRINGS = YES;
				SWIFT_VERSION = 5.0;
				TARGETED_DEVICE_FAMILY = "1,2";
			};
			name = Release;
		};
		D1E2F3A400000061 /* Debug */ = {
			isa = XCBuildConfiguration;
			buildSettings = {
				BUNDLE_LOADER = "$(TEST_HOST)";
				CODE_SIGN_STYLE = Automatic;
				CURRENT_PROJECT_VERSION = 1;
				DEVELOPMENT_TEAM = 7TJ7N4G8XC;
				GENERATE_INFOPLIST_FILE = YES;
				MARKETING_VERSION = 1.0;
				PRODUCT_BUNDLE_IDENTIFIER = com.tguegan.HealthAppTests;
				PRODUCT_NAME = "$(TARGET_NAME)";
				SWIFT_EMIT_LOC_STRINGS = NO;
				SWIFT_VERSION = 5.0;
				TARGETED_DEVICE_FAMILY = "1,2";
				TEST_HOST = "$(BUILT_PRODUCTS_DIR)/HealthApp.app/$(BUNDLE_EXECUTABLE_FOLDER_PATH)/HealthApp";
			};
			name = Debug;
		};
		D1E2F3A400000062 /* Release */ = {
			isa = XCBuildConfiguration;
			buildSettings = {
				BUNDLE_LOADER = "$(TEST_HOST)";
				CODE_SIGN_STYLE = Automatic;
				CURRENT_PROJECT_VERSION = 1;
				DEVELOPMENT_TEAM = 7TJ7N4G8XC;
				GENERATE_INFOPLIST_FILE = YES;
				MARKETING_VERSION = 1.0;
				PRODUCT_BUNDLE_IDENTIFIER = com.tguegan.HealthAppTests;
				PRODUCT_NAME = "$(TARGET_NAME)";
				SWIFT_EMIT_LOC_STRINGS = NO;
				SWIFT_VERSION = 5.0;
				TARGETED_DEVICE_FAMILY = "1,2";
				TEST_HOST = "$(BUILT_PRODUCTS_DIR)/HealthApp.app/$(BUNDLE_EXECUTABLE_FOLDER_PATH)/HealthApp";
			};
			name = Release;
		};
/* End XCBuildConfiguration section */

/* Begin XCConfigurationList section */
		A1B2C3D40000000B /* Build configuration list for PBXNativeTarget "HealthApp" */ = {
			isa = XCConfigurationList;
			buildConfigurations = (
				A1B2C3D400000011 /* Debug */,
				A1B2C3D400000012 /* Release */,
			);
			defaultConfigurationIsVisible = 0;
			defaultConfigurationName = Release;
		};
		A1B2C3D40000000E /* Build configuration list for PBXProject "HealthApp" */ = {
			isa = XCConfigurationList;
			buildConfigurations = (
				A1B2C3D40000000F /* Debug */,
				A1B2C3D400000010 /* Release */,
			);
			defaultConfigurationIsVisible = 0;
			defaultConfigurationName = Release;
		};
		D1E2F3A400000071 /* Build configuration list for PBXNativeTarget "HealthAppTests" */ = {
			isa = XCConfigurationList;
			buildConfigurations = (
				D1E2F3A400000061 /* Debug */,
				D1E2F3A400000062 /* Release */,
			);
			defaultConfigurationIsVisible = 0;
			defaultConfigurationName = Release;
		};
/* End XCConfigurationList section */
	};
	rootObject = A1B2C3D40000000D /* Project object */;
}
